
Microsoft Visual Studio Solution File, Format Version 12.00
# Visual Studio Version 16
VisualStudioVersion = 16.0.30330.147
MinimumVisualStudioVersion = 10.0.40219.1
Project("{2150E333-8FDC-42A3-9474-1A3956D46DE8}") = "Domain", "Domain", "{872DA962-3B1A-4BA7-9EFA-D89D9EF08A13}"
EndProject
Project("{2150E333-8FDC-42A3-9474-1A3956D46DE8}") = "Infra.Bus", "Infra.Bus", "{E3122BBE-1B4C-4CAA-BF5C-D332492519E8}"
EndProject
Project("{2150E333-8FDC-42A3-9474-1A3956D46DE8}") = "Infro.IOC", "Infro.IOC", "{542FBDD6-8AF4-4FFD-99C7-ACA37051F854}"
EndProject
Project("{2150E333-8FDC-42A3-9474-1A3956D46DE8}") = "Microservices", "Microservices", "{B2517ABF-EE8D-46AD-BE07-D4D4C2809577}"
EndProject
Project("{2150E333-8FDC-42A3-9474-1A3956D46DE8}") = "Presentation", "Presentation", "{99956083-7603-44D0-8B97-DD4920806235}"
EndProject
Project("{9A19103F-16F7-4668-BE54-9A1E7A4F7556}") = "MicroRabbit.Domain.Core", "MicroRabbit.Domain.Core\MicroRabbit.Domain.Core.csproj", "{827B9A0E-F77F-4BF2-BAA8-BAF280256CD2}"
EndProject
Project("{9A19103F-16F7-4668-BE54-9A1E7A4F7556}") = "MicroRabbit.Infra.Bus", "MicroRabbit.Infra.Bus\MicroRabbit.Infra.Bus.csproj", "{9408B1B1-C4DD-4D97-9E7A-709FF978B5B9}"
EndProject
Project("{9A19103F-16F7-4668-BE54-9A1E7A4F7556}") = "MicroRabbit.Infra.IOC", "MicroRabbit.Infra.IOC\MicroRabbit.Infra.IOC.csproj", "{5C5E2F1B-8154-4267-80E6-B263A8314738}"
EndProject
Project("{2150E333-8FDC-42A3-9474-1A3956D46DE8}") = "Banking", "Banking", "{B1178065-3509-41EB-8828-58A6DCF5A9A7}"
EndProject
Project("{2150E333-8FDC-42A3-9474-1A3956D46DE8}") = "API", "API", "{4A36D13A-AD36-4060-8A11-F2BE51EF9E6E}"
EndProject
Project("{2150E333-8FDC-42A3-9474-1A3956D46DE8}") = "Domain", "Domain", "{508757DD-8EB3-4504-BEA6-07771A1943A1}"
EndProject
Project("{2150E333-8FDC-42A3-9474-1A3956D46DE8}") = "Data", "Data", "{A0B23109-4665-4978-88B5-C9172EE47EB1}"
EndProject
Project("{2150E333-8FDC-42A3-9474-1A3956D46DE8}") = "Application", "Application", "{21BDB3F2-B6E6-4140-9B1A-A186A5DBEA9D}"
EndProject
Project("{9A19103F-16F7-4668-BE54-9A1E7A4F7556}") = "MicroRabbit.Banking.API", "MicroRabbit.Banking.API\MicroRabbit.Banking.API.csproj", "{E358A0C5-E888-44D5-B841-D93298CC13C2}"
EndProject
Project("{9A19103F-16F7-4668-BE54-9A1E7A4F7556}") = "MicroRabbit.Banking.Application", "MicroRabbit.Banking.Application\MicroRabbit.Banking.Application.csproj", "{34210D21-7121-46E0-ADA6-C9B99BF9F10C}"
EndProject
Project("{9A19103F-16F7-4668-BE54-9A1E7A4F7556}") = "MicroRabbit.Banking.Data", "MicroRabbit.Banking.Data\MicroRabbit.Banking.Data.csproj", "{2A8412FC-C904-4997-BFAD-5D1EC54F24F4}"
EndProject
Project("{9A19103F-16F7-4668-BE54-9A1E7A4F7556}") = "MicroRabbit.Banking.Domain", "MicroRabbit.Banking.Domain\MicroRabbit.Banking.Domain.csproj", "{FACE77FE-FFDC-4B65-8B40-1D116317B278}"
EndProject
Project("{2150E333-8FDC-42A3-9474-1A3956D46DE8}") = "Transfer", "Transfer", "{4C8CF696-BEB7-4FF4-8ADA-F9A62AFF17C3}"
EndProject
Project("{2150E333-8FDC-42A3-9474-1A3956D46DE8}") = "API", "API", "{B88B3822-E391-4776-8735-AC6023555F5A}"
EndProject
Project("{2150E333-8FDC-42A3-9474-1A3956D46DE8}") = "Application", "Application", "{BFA88100-5EB8-4353-9BA4-7BDBEC8F0290}"
EndProject
Project("{2150E333-8FDC-42A3-9474-1A3956D46DE8}") = "Data", "Data", "{15CC3FFD-D821-490A-B939-1672880567F2}"
EndProject
Project("{2150E333-8FDC-42A3-9474-1A3956D46DE8}") = "Domain", "Domain", "{E480974D-C929-46DB-A6A8-320D0C2635F7}"
	ProjectSection(SolutionItems) = preProject
		MicroRabbit.Transfer.Domain\Class1.cs = MicroRabbit.Transfer.Domain\Class1.cs
	EndProjectSection
EndProject
Project("{2150E333-8FDC-42A3-9474-1A3956D46DE8}") = "API", "API", "{6ECAF6C2-E4EF-44A4-8085-F355E7CF6239}"
EndProject
Project("{FAE04EC0-301F-11D3-BF4B-00C04F79EFBC}") = "MicroRabbit.Transfer.API", "MicroRabbit.Transfer.API\MicroRabbit.Transfer.API.csproj", "{3D2DEA3A-FCFF-41B7-B5AB-B6DE681D5ACA}"
EndProject
Project("{FAE04EC0-301F-11D3-BF4B-00C04F79EFBC}") = "MicroRabbit.Transfer.Application", "MicroRabbit.Transfer.Application\MicroRabbit.Transfer.Application.csproj", "{D9AC0206-6810-4960-A4E1-72BC04D0769D}"
EndProject
Project("{FAE04EC0-301F-11D3-BF4B-00C04F79EFBC}") = "MicroRabbit.Transfer.Data", "MicroRabbit.Transfer.Data\MicroRabbit.Transfer.Data.csproj", "{F7D5E974-EF31-4642-87B9-14AC2E628A14}"
EndProject
Project("{FAE04EC0-301F-11D3-BF4B-00C04F79EFBC}") = "MicroRabbit.Transfer.Domain", "MicroRabbit.Transfer.Domain\MicroRabbit.Transfer.Domain.csproj", "{136C1385-9C0D-4CE4-B603-203F0B62E346}"
EndProject
Global
	GlobalSection(SolutionConfigurationPlatforms) = preSolution
		Debug|Any CPU = Debug|Any CPU
		Release|Any CPU = Release|Any CPU
	EndGlobalSection
	GlobalSection(ProjectConfigurationPlatforms) = postSolution
		{827B9A0E-F77F-4BF2-BAA8-BAF280256CD2}.Debug|Any CPU.ActiveCfg = Debug|Any CPU
		{827B9A0E-F77F-4BF2-BAA8-BAF280256CD2}.Debug|Any CPU.Build.0 = Debug|Any CPU
		{827B9A0E-F77F-4BF2-BAA8-BAF280256CD2}.Release|Any CPU.ActiveCfg = Release|Any CPU
		{827B9A0E-F77F-4BF2-BAA8-BAF280256CD2}.Release|Any CPU.Build.0 = Release|Any CPU
		{9408B1B1-C4DD-4D97-9E7A-709FF978B5B9}.Debug|Any CPU.ActiveCfg = Debug|Any CPU
		{9408B1B1-C4DD-4D97-9E7A-709FF978B5B9}.Debug|Any CPU.Build.0 = Debug|Any CPU
		{9408B1B1-C4DD-4D97-9E7A-709FF978B5B9}.Release|Any CPU.ActiveCfg = Release|Any CPU
		{9408B1B1-C4DD-4D97-9E7A-709FF978B5B9}.Release|Any CPU.Build.0 = Release|Any CPU
		{5C5E2F1B-8154-4267-80E6-B263A8314738}.Debug|Any CPU.ActiveCfg = Debug|Any CPU
		{5C5E2F1B-8154-4267-80E6-B263A8314738}.Debug|Any CPU.Build.0 = Debug|Any CPU
		{5C5E2F1B-8154-4267-80E6-B263A8314738}.Release|Any CPU.ActiveCfg = Release|Any CPU
		{5C5E2F1B-8154-4267-80E6-B263A8314738}.Release|Any CPU.Build.0 = Release|Any CPU
		{E358A0C5-E888-44D5-B841-D93298CC13C2}.Debug|Any CPU.ActiveCfg = Debug|Any CPU
		{E358A0C5-E888-44D5-B841-D93298CC13C2}.Debug|Any CPU.Build.0 = Debug|Any CPU
		{E358A0C5-E888-44D5-B841-D93298CC13C2}.Release|Any CPU.ActiveCfg = Release|Any CPU
		{E358A0C5-E888-44D5-B841-D93298CC13C2}.Release|Any CPU.Build.0 = Release|Any CPU
		{34210D21-7121-46E0-ADA6-C9B99BF9F10C}.Debug|Any CPU.ActiveCfg = Debug|Any CPU
		{34210D21-7121-46E0-ADA6-C9B99BF9F10C}.Debug|Any CPU.Build.0 = Debug|Any CPU
		{34210D21-7121-46E0-ADA6-C9B99BF9F10C}.Release|Any CPU.ActiveCfg = Release|Any CPU
		{34210D21-7121-46E0-ADA6-C9B99BF9F10C}.Release|Any CPU.Build.0 = Release|Any CPU
		{2A8412FC-C904-4997-BFAD-5D1EC54F24F4}.Debug|Any CPU.ActiveCfg = Debug|Any CPU
		{2A8412FC-C904-4997-BFAD-5D1EC54F24F4}.Debug|Any CPU.Build.0 = Debug|Any CPU
		{2A8412FC-C904-4997-BFAD-5D1EC54F24F4}.Release|Any CPU.ActiveCfg = Release|Any CPU
		{2A8412FC-C904-4997-BFAD-5D1EC54F24F4}.Release|Any CPU.Build.0 = Release|Any CPU
		{FACE77FE-FFDC-4B65-8B40-1D116317B278}.Debug|Any CPU.ActiveCfg = Debug|Any CPU
		{FACE77FE-FFDC-4B65-8B40-1D116317B278}.Debug|Any CPU.Build.0 = Debug|Any CPU
		{FACE77FE-FFDC-4B65-8B40-1D116317B278}.Release|Any CPU.ActiveCfg = Release|Any CPU
		{FACE77FE-FFDC-4B65-8B40-1D116317B278}.Release|Any CPU.Build.0 = Release|Any CPU
		{3D2DEA3A-FCFF-41B7-B5AB-B6DE681D5ACA}.Debug|Any CPU.ActiveCfg = Debug|Any CPU
		{3D2DEA3A-FCFF-41B7-B5AB-B6DE681D5ACA}.Debug|Any CPU.Build.0 = Debug|Any CPU
		{3D2DEA3A-FCFF-41B7-B5AB-B6DE681D5ACA}.Release|Any CPU.ActiveCfg = Release|Any CPU
		{3D2DEA3A-FCFF-41B7-B5AB-B6DE681D5ACA}.Release|Any CPU.Build.0 = Release|Any CPU
		{D9AC0206-6810-4960-A4E1-72BC04D0769D}.Debug|Any CPU.ActiveCfg = Debug|Any CPU
		{D9AC0206-6810-4960-A4E1-72BC04D0769D}.Debug|Any CPU.Build.0 = Debug|Any CPU
		{D9AC0206-6810-4960-A4E1-72BC04D0769D}.Release|Any CPU.ActiveCfg = Release|Any CPU
		{D9AC0206-6810-4960-A4E1-72BC04D0769D}.Release|Any CPU.Build.0 = Release|Any CPU
		{F7D5E974-EF31-4642-87B9-14AC2E628A14}.Debug|Any CPU.ActiveCfg = Debug|Any CPU
		{F7D5E974-EF31-4642-87B9-14AC2E628A14}.Debug|Any CPU.Build.0 = Debug|Any CPU
		{F7D5E974-EF31-4642-87B9-14AC2E628A14}.Release|Any CPU.ActiveCfg = Release|Any CPU
		{F7D5E974-EF31-4642-87B9-14AC2E628A14}.Release|Any CPU.Build.0 = Release|Any CPU
		{136C1385-9C0D-4CE4-B603-203F0B62E346}.Debug|Any CPU.ActiveCfg = Debug|Any CPU
		{136C1385-9C0D-4CE4-B603-203F0B62E346}.Debug|Any CPU.Build.0 = Debug|Any CPU
		{136C1385-9C0D-4CE4-B603-203F0B62E346}.Release|Any CPU.ActiveCfg = Release|Any CPU
		{136C1385-9C0D-4CE4-B603-203F0B62E346}.Release|Any CPU.Build.0 = Release|Any CPU
	EndGlobalSection
	GlobalSection(SolutionProperties) = preSolution
		HideSolutionNode = FALSE
	EndGlobalSection
	GlobalSection(NestedProjects) = preSolution
		{827B9A0E-F77F-4BF2-BAA8-BAF280256CD2} = {872DA962-3B1A-4BA7-9EFA-D89D9EF08A13}
		{9408B1B1-C4DD-4D97-9E7A-709FF978B5B9} = {E3122BBE-1B4C-4CAA-BF5C-D332492519E8}
		{5C5E2F1B-8154-4267-80E6-B263A8314738} = {542FBDD6-8AF4-4FFD-99C7-ACA37051F854}
		{B1178065-3509-41EB-8828-58A6DCF5A9A7} = {B2517ABF-EE8D-46AD-BE07-D4D4C2809577}
		{4A36D13A-AD36-4060-8A11-F2BE51EF9E6E} = {B1178065-3509-41EB-8828-58A6DCF5A9A7}
		{508757DD-8EB3-4504-BEA6-07771A1943A1} = {B1178065-3509-41EB-8828-58A6DCF5A9A7}
		{A0B23109-4665-4978-88B5-C9172EE47EB1} = {B1178065-3509-41EB-8828-58A6DCF5A9A7}
		{21BDB3F2-B6E6-4140-9B1A-A186A5DBEA9D} = {B1178065-3509-41EB-8828-58A6DCF5A9A7}
		{E358A0C5-E888-44D5-B841-D93298CC13C2} = {4A36D13A-AD36-4060-8A11-F2BE51EF9E6E}
		{34210D21-7121-46E0-ADA6-C9B99BF9F10C} = {21BDB3F2-B6E6-4140-9B1A-A186A5DBEA9D}
		{2A8412FC-C904-4997-BFAD-5D1EC54F24F4} = {A0B23109-4665-4978-88B5-C9172EE47EB1}
		{FACE77FE-FFDC-4B65-8B40-1D116317B278} = {508757DD-8EB3-4504-BEA6-07771A1943A1}
		{4C8CF696-BEB7-4FF4-8ADA-F9A62AFF17C3} = {B2517ABF-EE8D-46AD-BE07-D4D4C2809577}
		{B88B3822-E391-4776-8735-AC6023555F5A} = {508757DD-8EB3-4504-BEA6-07771A1943A1}
		{BFA88100-5EB8-4353-9BA4-7BDBEC8F0290} = {4C8CF696-BEB7-4FF4-8ADA-F9A62AFF17C3}
		{15CC3FFD-D821-490A-B939-1672880567F2} = {4C8CF696-BEB7-4FF4-8ADA-F9A62AFF17C3}
		{E480974D-C929-46DB-A6A8-320D0C2635F7} = {4C8CF696-BEB7-4FF4-8ADA-F9A62AFF17C3}
		{6ECAF6C2-E4EF-44A4-8085-F355E7CF6239} = {4C8CF696-BEB7-4FF4-8ADA-F9A62AFF17C3}
		{3D2DEA3A-FCFF-41B7-B5AB-B6DE681D5ACA} = {6ECAF6C2-E4EF-44A4-8085-F355E7CF6239}
		{D9AC0206-6810-4960-A4E1-72BC04D0769D} = {BFA88100-5EB8-4353-9BA4-7BDBEC8F0290}
		{F7D5E974-EF31-4642-87B9-14AC2E628A14} = {15CC3FFD-D821-490A-B939-1672880567F2}
		{136C1385-9C0D-4CE4-B603-203F0B62E346} = {E480974D-C929-46DB-A6A8-320D0C2635F7}
	EndGlobalSection
	GlobalSection(ExtensibilityGlobals) = postSolution
		SolutionGuid = {486E68B6-EE8B-447B-AB1E-7935335F5A8E}
	EndGlobalSection
EndGlobal
